
Microsoft Visual Studio Solution File, Format Version 12.00
# Visual Studio Version 16
VisualStudioVersion = 16.0.29806.167
MinimumVisualStudioVersion = 10.0.40219.1
Project("{2150E333-8FDC-42A3-9474-1A3956D46DE8}") = "Services", "Services", "{1B53A983-758F-41D5-A41A-B075A309C2F8}"
EndProject
Project("{2150E333-8FDC-42A3-9474-1A3956D46DE8}") = "CarSupplier", "CarSupplier", "{0E9D3522-F8A3-477E-B042-A9AAECFF80AC}"
EndProject
Project("{2150E333-8FDC-42A3-9474-1A3956D46DE8}") = "Car", "Car", "{5E14D392-CDF7-4E41-ACF7-70FFEA5C9B28}"
EndProject
Project("{2150E333-8FDC-42A3-9474-1A3956D46DE8}") = "Gateway", "Gateway", "{3E70AD69-0A95-497D-9E04-00D0E84601AB}"
EndProject
Project("{2150E333-8FDC-42A3-9474-1A3956D46DE8}") = "Identity", "Identity", "{A7B121F6-D477-45F7-88B2-01A67D6234E8}"
EndProject
Project("{9A19103F-16F7-4668-BE54-9A1E7A4F7556}") = "MicroService.ApiGateWay", "Services\Gateway\ApiGateWay\MicroService.ApiGateWay.csproj", "{9F86F49F-0441-420F-B788-12041821198C}"
EndProject
Project("{9A19103F-16F7-4668-BE54-9A1E7A4F7556}") = "MicroService.IdentityServer", "Services\Identity\MicroService.IdentityServer\MicroService.IdentityServer.csproj", "{AB17A0F7-B0FA-4AFD-B437-2A7AE633BF43}"
EndProject
Project("{2150E333-8FDC-42A3-9474-1A3956D46DE8}") = "Common", "Common", "{F1018AC3-9CBD-48F4-96CC-77A7E0B384D1}"
EndProject
Project("{9A19103F-16F7-4668-BE54-9A1E7A4F7556}") = "MicroService.Cars.Api", "Services\Car\MicroService.Cars.Api\MicroService.Cars.Api.csproj", "{CF55C14D-08E5-474E-9D73-998490E16B62}"
EndProject
Project("{9A19103F-16F7-4668-BE54-9A1E7A4F7556}") = "MicroService.Cars.Business", "Services\Car\MicroService.Cars.Business\MicroService.Cars.Business.csproj", "{A5F3385C-B7CF-45BF-BAA3-9BDA50759860}"
EndProject
Project("{9A19103F-16F7-4668-BE54-9A1E7A4F7556}") = "MicroService.Cars.Data", "Services\Car\MicroService.Cars.Data\MicroService.Cars.Data.csproj", "{3EA498F2-9F9C-476A-9CDC-EEBF5EC2E9B3}"
EndProject
Project("{9A19103F-16F7-4668-BE54-9A1E7A4F7556}") = "MicroService.Cars.Data.MongoDb", "Services\Car\MicroService.Cars.Data.MongoDb\MicroService.Cars.Data.MongoDb.csproj", "{C093D489-C1FA-4087-B4AD-0BA6EAF1B934}"
EndProject
Project("{9A19103F-16F7-4668-BE54-9A1E7A4F7556}") = "MicroService.Common", "Services\Common\MicroService.Common\MicroService.Common.csproj", "{9BC9D0E3-4643-4311-BF3C-BA02FB0F696B}"
EndProject
Project("{9A19103F-16F7-4668-BE54-9A1E7A4F7556}") = "MicroService.Messaging", "Services\Common\MicroService.Messaging\MicroService.Messaging.csproj", "{49EFCA19-8868-43CD-AAC6-D0165D29CDF0}"
EndProject
Project("{9A19103F-16F7-4668-BE54-9A1E7A4F7556}") = "MicroService.IdentityServer.Data.MongoDb", "Services\Identity\MicroService.IdentityServer.Data.MongoDb\MicroService.IdentityServer.Data.MongoDb.csproj", "{8C3499ED-BF67-41DC-B3E1-8C9DD004E4AA}"
EndProject
Project("{9A19103F-16F7-4668-BE54-9A1E7A4F7556}") = "MicroService.CarSuppliers.Api", "Services\CarSupplier\MicroService.CarSuppliers.Api\MicroService.CarSuppliers.Api.csproj", "{63251895-27C4-418E-9713-28E42DE91470}"
EndProject
Project("{9A19103F-16F7-4668-BE54-9A1E7A4F7556}") = "MicroService.CarSuppliers.Data", "Services\CarSupplier\MicroService.CarSuppliers.Data\MicroService.CarSuppliers.Data.csproj", "{6B72A345-197F-45A1-A029-47ACFF6FB81E}"
EndProject
Project("{9A19103F-16F7-4668-BE54-9A1E7A4F7556}") = "MicroService.CarSuppliers.Data.MongoDb", "Services\CarSupplier\MicroService.CarSuppliers.Data.MongoDb\MicroService.CarSuppliers.Data.MongoDb.csproj", "{483E8FAA-E19E-4882-AB33-367D5C3111CC}"
EndProject
Global
	GlobalSection(SolutionConfigurationPlatforms) = preSolution
		Debug|Any CPU = Debug|Any CPU
		Release|Any CPU = Release|Any CPU
	EndGlobalSection
	GlobalSection(ProjectConfigurationPlatforms) = postSolution
		{9F86F49F-0441-420F-B788-12041821198C}.Debug|Any CPU.ActiveCfg = Debug|Any CPU
		{9F86F49F-0441-420F-B788-12041821198C}.Debug|Any CPU.Build.0 = Debug|Any CPU
		{9F86F49F-0441-420F-B788-12041821198C}.Release|Any CPU.ActiveCfg = Release|Any CPU
		{9F86F49F-0441-420F-B788-12041821198C}.Release|Any CPU.Build.0 = Release|Any CPU
		{AB17A0F7-B0FA-4AFD-B437-2A7AE633BF43}.Debug|Any CPU.ActiveCfg = Debug|Any CPU
		{AB17A0F7-B0FA-4AFD-B437-2A7AE633BF43}.Debug|Any CPU.Build.0 = Debug|Any CPU
		{AB17A0F7-B0FA-4AFD-B437-2A7AE633BF43}.Release|Any CPU.ActiveCfg = Release|Any CPU
		{AB17A0F7-B0FA-4AFD-B437-2A7AE633BF43}.Release|Any CPU.Build.0 = Release|Any CPU
		{CF55C14D-08E5-474E-9D73-998490E16B62}.Debug|Any CPU.ActiveCfg = Debug|Any CPU
		{CF55C14D-08E5-474E-9D73-998490E16B62}.Debug|Any CPU.Build.0 = Debug|Any CPU
		{CF55C14D-08E5-474E-9D73-998490E16B62}.Release|Any CPU.ActiveCfg = Release|Any CPU
		{CF55C14D-08E5-474E-9D73-998490E16B62}.Release|Any CPU.Build.0 = Release|Any CPU
		{A5F3385C-B7CF-45BF-BAA3-9BDA50759860}.Debug|Any CPU.ActiveCfg = Debug|Any CPU
		{A5F3385C-B7CF-45BF-BAA3-9BDA50759860}.Debug|Any CPU.Build.0 = Debug|Any CPU
		{A5F3385C-B7CF-45BF-BAA3-9BDA50759860}.Release|Any CPU.ActiveCfg = Release|Any CPU
		{A5F3385C-B7CF-45BF-BAA3-9BDA50759860}.Release|Any CPU.Build.0 = Release|Any CPU
		{3EA498F2-9F9C-476A-9CDC-EEBF5EC2E9B3}.Debug|Any CPU.ActiveCfg = Debug|Any CPU
		{3EA498F2-9F9C-476A-9CDC-EEBF5EC2E9B3}.Debug|Any CPU.Build.0 = Debug|Any CPU
		{3EA498F2-9F9C-476A-9CDC-EEBF5EC2E9B3}.Release|Any CPU.ActiveCfg = Release|Any CPU
		{3EA498F2-9F9C-476A-9CDC-EEBF5EC2E9B3}.Release|Any CPU.Build.0 = Release|Any CPU
		{C093D489-C1FA-4087-B4AD-0BA6EAF1B934}.Debug|Any CPU.ActiveCfg = Debug|Any CPU
		{C093D489-C1FA-4087-B4AD-0BA6EAF1B934}.Debug|Any CPU.Build.0 = Debug|Any CPU
		{C093D489-C1FA-4087-B4AD-0BA6EAF1B934}.Release|Any CPU.ActiveCfg = Release|Any CPU
		{C093D489-C1FA-4087-B4AD-0BA6EAF1B934}.Release|Any CPU.Build.0 = Release|Any CPU
		{9BC9D0E3-4643-4311-BF3C-BA02FB0F696B}.Debug|Any CPU.ActiveCfg = Debug|Any CPU
		{9BC9D0E3-4643-4311-BF3C-BA02FB0F696B}.Debug|Any CPU.Build.0 = Debug|Any CPU
		{9BC9D0E3-4643-4311-BF3C-BA02FB0F696B}.Release|Any CPU.ActiveCfg = Release|Any CPU
		{9BC9D0E3-4643-4311-BF3C-BA02FB0F696B}.Release|Any CPU.Build.0 = Release|Any CPU
		{49EFCA19-8868-43CD-AAC6-D0165D29CDF0}.Debug|Any CPU.ActiveCfg = Debug|Any CPU
		{49EFCA19-8868-43CD-AAC6-D0165D29CDF0}.Debug|Any CPU.Build.0 = Debug|Any CPU
		{49EFCA19-8868-43CD-AAC6-D0165D29CDF0}.Release|Any CPU.ActiveCfg = Release|Any CPU
		{49EFCA19-8868-43CD-AAC6-D0165D29CDF0}.Release|Any CPU.Build.0 = Release|Any CPU
		{8C3499ED-BF67-41DC-B3E1-8C9DD004E4AA}.Debug|Any CPU.ActiveCfg = Debug|Any CPU
		{8C3499ED-BF67-41DC-B3E1-8C9DD004E4AA}.Debug|Any CPU.Build.0 = Debug|Any CPU
		{8C3499ED-BF67-41DC-B3E1-8C9DD004E4AA}.Release|Any CPU.ActiveCfg = Release|Any CPU
		{8C3499ED-BF67-41DC-B3E1-8C9DD004E4AA}.Release|Any CPU.Build.0 = Release|Any CPU
		{63251895-27C4-418E-9713-28E42DE91470}.Debug|Any CPU.ActiveCfg = Debug|Any CPU
		{63251895-27C4-418E-9713-28E42DE91470}.Debug|Any CPU.Build.0 = Debug|Any CPU
		{63251895-27C4-418E-9713-28E42DE91470}.Release|Any CPU.ActiveCfg = Release|Any CPU
		{63251895-27C4-418E-9713-28E42DE91470}.Release|Any CPU.Build.0 = Release|Any CPU
		{6B72A345-197F-45A1-A029-47ACFF6FB81E}.Debug|Any CPU.ActiveCfg = Debug|Any CPU
		{6B72A345-197F-45A1-A029-47ACFF6FB81E}.Debug|Any CPU.Build.0 = Debug|Any CPU
		{6B72A345-197F-45A1-A029-47ACFF6FB81E}.Release|Any CPU.ActiveCfg = Release|Any CPU
		{6B72A345-197F-45A1-A029-47ACFF6FB81E}.Release|Any CPU.Build.0 = Release|Any CPU
		{483E8FAA-E19E-4882-AB33-367D5C3111CC}.Debug|Any CPU.ActiveCfg = Debug|Any CPU
		{483E8FAA-E19E-4882-AB33-367D5C3111CC}.Debug|Any CPU.Build.0 = Debug|Any CPU
		{483E8FAA-E19E-4882-AB33-367D5C3111CC}.Release|Any CPU.ActiveCfg = Release|Any CPU
		{483E8FAA-E19E-4882-AB33-367D5C3111CC}.Release|Any CPU.Build.0 = Release|Any CPU
	EndGlobalSection
	GlobalSection(SolutionProperties) = preSolution
		HideSolutionNode = FALSE
	EndGlobalSection
	GlobalSection(NestedProjects) = preSolution
		{0E9D3522-F8A3-477E-B042-A9AAECFF80AC} = {1B53A983-758F-41D5-A41A-B075A309C2F8}
		{5E14D392-CDF7-4E41-ACF7-70FFEA5C9B28} = {1B53A983-758F-41D5-A41A-B075A309C2F8}
		{3E70AD69-0A95-497D-9E04-00D0E84601AB} = {1B53A983-758F-41D5-A41A-B075A309C2F8}
		{A7B121F6-D477-45F7-88B2-01A67D6234E8} = {1B53A983-758F-41D5-A41A-B075A309C2F8}
		{9F86F49F-0441-420F-B788-12041821198C} = {3E70AD69-0A95-497D-9E04-00D0E84601AB}
		{AB17A0F7-B0FA-4AFD-B437-2A7AE633BF43} = {A7B121F6-D477-45F7-88B2-01A67D6234E8}
		{F1018AC3-9CBD-48F4-96CC-77A7E0B384D1} = {1B53A983-758F-41D5-A41A-B075A309C2F8}
		{CF55C14D-08E5-474E-9D73-998490E16B62} = {5E14D392-CDF7-4E41-ACF7-70FFEA5C9B28}
		{A5F3385C-B7CF-45BF-BAA3-9BDA50759860} = {5E14D392-CDF7-4E41-ACF7-70FFEA5C9B28}
		{3EA498F2-9F9C-476A-9CDC-EEBF5EC2E9B3} = {5E14D392-CDF7-4E41-ACF7-70FFEA5C9B28}
		{C093D489-C1FA-4087-B4AD-0BA6EAF1B934} = {5E14D392-CDF7-4E41-ACF7-70FFEA5C9B28}
		{9BC9D0E3-4643-4311-BF3C-BA02FB0F696B} = {F1018AC3-9CBD-48F4-96CC-77A7E0B384D1}
		{49EFCA19-8868-43CD-AAC6-D0165D29CDF0} = {F1018AC3-9CBD-48F4-96CC-77A7E0B384D1}
		{8C3499ED-BF67-41DC-B3E1-8C9DD004E4AA} = {A7B121F6-D477-45F7-88B2-01A67D6234E8}
		{63251895-27C4-418E-9713-28E42DE91470} = {0E9D3522-F8A3-477E-B042-A9AAECFF80AC}
		{6B72A345-197F-45A1-A029-47ACFF6FB81E} = {0E9D3522-F8A3-477E-B042-A9AAECFF80AC}
		{483E8FAA-E19E-4882-AB33-367D5C3111CC} = {0E9D3522-F8A3-477E-B042-A9AAECFF80AC}
	EndGlobalSection
	GlobalSection(ExtensibilityGlobals) = postSolution
		SolutionGuid = {262B3648-A08B-4517-AC05-1E93E2F003B1}
	EndGlobalSection
EndGlobal
